{
  "version": 4,
  "terraform_version": "1.2.9",
  "serial": 3,
  "lineage": "084c6780-1ad2-bfd1-85ac-3c835ac25179",
  "outputs": {},
  "resources": [
    {
      "mode": "data",
      "type": "azurerm_resource_group",
      "name": "main",
      "provider": "provider[\"registry.terraform.io/hashicorp/azurerm\"]",
      "instances": [
        {
          "schema_version": 0,
          "attributes": {
            "id": "/subscriptions/d33b95c7-af3c-4247-9661-aa96d47fccc0/resourceGroups/StandardChartered21_SimeonPenev_ProjectExercise",
            "location": "uksouth",
            "name": "StandardChartered21_SimeonPenev_ProjectExercise",
            "tags": {},
            "timeouts": null
          },
          "sensitive_attributes": []
        }
      ]
    },
    {
      "mode": "managed",
      "type": "azurerm_linux_web_app",
      "name": "main",
      "provider": "provider[\"registry.terraform.io/hashicorp/azurerm\"]",
      "instances": [
        {
          "schema_version": 0,
          "attributes": {
            "app_settings": {
              "DOCKER_REGISTRY_SERVER_URL": "https://index.docker.io"
            },
            "auth_settings": [
              {
                "active_directory": [],
                "additional_login_parameters": {},
                "allowed_external_redirect_urls": [],
                "default_provider": "",
                "enabled": false,
                "facebook": [],
                "github": [],
                "google": [],
                "issuer": "",
                "microsoft": [],
                "runtime_version": "",
                "token_refresh_extension_hours": 0,
                "token_store_enabled": false,
                "twitter": [],
                "unauthenticated_client_action": ""
              }
            ],
            "backup": [],
            "client_affinity_enabled": false,
            "client_certificate_enabled": false,
            "client_certificate_mode": "Required",
            "connection_string": [],
            "custom_domain_verification_id": "C11362A7BC6B6AE47600B6CA026E5B947B6577DA4AE022E214743600719CCB1D",
            "default_hostname": "todo-app-simeon-tf.azurewebsites.net",
            "enabled": true,
            "https_only": false,
            "id": "/subscriptions/d33b95c7-af3c-4247-9661-aa96d47fccc0/resourceGroups/StandardChartered21_SimeonPenev_ProjectExercise/providers/Microsoft.Web/sites/todo-app-simeon-tf",
            "identity": [],
            "key_vault_reference_identity_id": "SystemAssigned",
            "kind": "app,linux,container",
            "location": "uksouth",
            "logs": [],
            "name": "todo-app-simeon-tf",
            "outbound_ip_address_list": [
              "20.50.104.64",
              "20.50.109.225",
              "20.50.111.186",
              "20.50.111.210",
              "20.50.111.236",
              "20.49.160.52",
              "51.104.28.69"
            ],
            "outbound_ip_addresses": "20.50.104.64,20.50.109.225,20.50.111.186,20.50.111.210,20.50.111.236,20.49.160.52,51.104.28.69",
            "possible_outbound_ip_address_list": [
              "20.50.104.64",
              "20.50.109.225",
              "20.50.111.186",
              "20.50.111.210",
              "20.50.111.236",
              "20.49.160.52",
              "20.49.160.254",
              "20.49.163.6",
              "20.50.104.47",
              "20.49.163.76",
              "20.49.164.155",
              "20.49.165.102",
              "20.49.165.107",
              "20.49.165.140",
              "20.49.165.146",
              "20.49.166.57",
              "20.49.166.167",
              "20.50.105.129",
              "20.50.103.75",
              "20.50.103.201",
              "20.49.224.80",
              "20.49.224.142",
              "20.49.224.177",
              "20.49.224.211",
              "51.104.28.69"
            ],
            "possible_outbound_ip_addresses": "20.50.104.64,20.50.109.225,20.50.111.186,20.50.111.210,20.50.111.236,20.49.160.52,20.49.160.254,20.49.163.6,20.50.104.47,20.49.163.76,20.49.164.155,20.49.165.102,20.49.165.107,20.49.165.140,20.49.165.146,20.49.166.57,20.49.166.167,20.50.105.129,20.50.103.75,20.50.103.201,20.49.224.80,20.49.224.142,20.49.224.177,20.49.224.211,51.104.28.69",
            "resource_group_name": "StandardChartered21_SimeonPenev_ProjectExercise",
            "service_plan_id": "/subscriptions/d33b95c7-af3c-4247-9661-aa96d47fccc0/resourceGroups/StandardChartered21_SimeonPenev_ProjectExercise/providers/Microsoft.Web/serverfarms/terraformed-asp",
            "site_config": [
              {
                "always_on": true,
                "api_definition_url": "",
                "api_management_api_id": "",
                "app_command_line": "",
                "application_stack": [
                  {
                    "docker_image": "simeonp901/todo_app",
                    "docker_image_tag": "latest",
                    "dotnet_version": "",
                    "java_server": "",
                    "java_server_version": "",
                    "java_version": "",
                    "node_version": "",
                    "php_version": "",
                    "python_version": "",
                    "ruby_version": ""
                  }
                ],
                "auto_heal_enabled": false,
                "auto_heal_setting": [],
                "container_registry_managed_identity_client_id": "",
                "container_registry_use_managed_identity": false,
                "cors": [],
                "default_documents": [
                  "Default.htm",
                  "Default.html",
                  "Default.asp",
                  "index.htm",
                  "index.html",
                  "iisstart.htm",
                  "default.aspx",
                  "index.php",
                  "hostingstart.html"
                ],
                "detailed_error_logging_enabled": false,
                "ftps_state": "Disabled",
                "health_check_eviction_time_in_min": 0,
                "health_check_path": "",
                "http2_enabled": false,
                "ip_restriction": [],
                "linux_fx_version": "DOCKER|simeonp901/todo_app:latest",
                "load_balancing_mode": "LeastRequests",
                "local_mysql_enabled": false,
                "managed_pipeline_mode": "Integrated",
                "minimum_tls_version": "1.2",
                "remote_debugging_enabled": false,
                "remote_debugging_version": "VS2019",
                "scm_ip_restriction": [],
                "scm_minimum_tls_version": "1.2",
                "scm_type": "None",
                "scm_use_main_ip_restriction": false,
                "use_32_bit_worker": true,
                "vnet_route_all_enabled": false,
                "websockets_enabled": false,
                "worker_count": 1
              }
            ],
            "site_credential": [
              {
                "name": "$todo-app-simeon-tf",
                "password": "ofLEcN8LJLqj7F3fsbtSTEKEbgP0knrpxo3AstEltQ3GnJHZ05ql39qQjydx"
              }
            ],
            "sticky_settings": [],
            "storage_account": [],
            "tags": null,
            "timeouts": null,
            "virtual_network_subnet_id": "",
            "zip_deploy_file": ""
          },
          "sensitive_attributes": [],
          "private": "eyJlMmJmYjczMC1lY2FhLTExZTYtOGY4OC0zNDM2M2JjN2M0YzAiOnsiY3JlYXRlIjoxODAwMDAwMDAwMDAwLCJkZWxldGUiOjE4MDAwMDAwMDAwMDAsInJlYWQiOjMwMDAwMDAwMDAwMCwidXBkYXRlIjoxODAwMDAwMDAwMDAwfX0=",
          "dependencies": [
            "azurerm_service_plan.main",
            "data.azurerm_resource_group.main"
          ]
        }
      ]
    },
    {
      "mode": "managed",
      "type": "azurerm_service_plan",
      "name": "main",
      "provider": "provider[\"registry.terraform.io/hashicorp/azurerm\"]",
      "instances": [
        {
          "schema_version": 0,
          "attributes": {
            "app_service_environment_id": "",
            "id": "/subscriptions/d33b95c7-af3c-4247-9661-aa96d47fccc0/resourceGroups/StandardChartered21_SimeonPenev_ProjectExercise/providers/Microsoft.Web/serverfarms/terraformed-asp",
            "kind": "linux",
            "location": "uksouth",
            "maximum_elastic_worker_count": 1,
            "name": "terraformed-asp",
            "os_type": "Linux",
            "per_site_scaling_enabled": false,
            "reserved": true,
            "resource_group_name": "StandardChartered21_SimeonPenev_ProjectExercise",
            "sku_name": "B1",
            "tags": null,
            "timeouts": null,
            "worker_count": 1,
            "zone_balancing_enabled": false
          },
          "sensitive_attributes": [],
          "private": "eyJlMmJmYjczMC1lY2FhLTExZTYtOGY4OC0zNDM2M2JjN2M0YzAiOnsiY3JlYXRlIjozNjAwMDAwMDAwMDAwLCJkZWxldGUiOjM2MDAwMDAwMDAwMDAsInJlYWQiOjMwMDAwMDAwMDAwMCwidXBkYXRlIjozNjAwMDAwMDAwMDAwfX0=",
          "dependencies": [
            "data.azurerm_resource_group.main"
          ]
        }
      ]
    }
  ]
}
